
Microsoft Visual Studio Solution File, Format Version 12.00
# Visual Studio Version 17
VisualStudioVersion = 17.1.32319.34
MinimumVisualStudioVersion = 10.0.40219.1
Project("{FAE04EC0-301F-11D3-BF4B-00C04F79EFBC}") = "PTKS", "PTKS\PTKS.csproj", "{DD50130E-E26C-44E8-B6C9-A7A7EFA67CFF}"
EndProject
Project("{54435603-DBB4-11D2-8724-00A0C9A8B90C}") = "SetupPTKS", "..\..\..\Desktop\SETUP\SetupPTKS\SetupPTKS.vdproj", "{55BD855D-FEFF-4B26-BCD0-2DC3FB0CB843}"
EndProject
Global
	GlobalSection(SolutionConfigurationPlatforms) = preSolution
		Debug|Any CPU = Debug|Any CPU
		Debug|x64 = Debug|x64
		Release|Any CPU = Release|Any CPU
		Release|x64 = Release|x64
	EndGlobalSection
	GlobalSection(ProjectConfigurationPlatforms) = postSolution
		{DD50130E-E26C-44E8-B6C9-A7A7EFA67CFF}.Debug|Any CPU.ActiveCfg = Debug|Any CPU
		{DD50130E-E26C-44E8-B6C9-A7A7EFA67CFF}.Debug|Any CPU.Build.0 = Debug|Any CPU
		{DD50130E-E26C-44E8-B6C9-A7A7EFA67CFF}.Debug|x64.ActiveCfg = Debug|x64
		{DD50130E-E26C-44E8-B6C9-A7A7EFA67CFF}.Debug|x64.Build.0 = Debug|x64
		{DD50130E-E26C-44E8-B6C9-A7A7EFA67CFF}.Release|Any CPU.ActiveCfg = Release|Any CPU
		{DD50130E-E26C-44E8-B6C9-A7A7EFA67CFF}.Release|Any CPU.Build.0 = Release|Any CPU
		{DD50130E-E26C-44E8-B6C9-A7A7EFA67CFF}.Release|x64.ActiveCfg = Release|x64
		{DD50130E-E26C-44E8-B6C9-A7A7EFA67CFF}.Release|x64.Build.0 = Release|x64
		{55BD855D-FEFF-4B26-BCD0-2DC3FB0CB843}.Debug|Any CPU.ActiveCfg = Debug
		{55BD855D-FEFF-4B26-BCD0-2DC3FB0CB843}.Debug|x64.ActiveCfg = Debug
		{55BD855D-FEFF-4B26-BCD0-2DC3FB0CB843}.Release|Any CPU.ActiveCfg = Release
		{55BD855D-FEFF-4B26-BCD0-2DC3FB0CB843}.Release|x64.ActiveCfg = Release
	EndGlobalSection
	GlobalSection(SolutionProperties) = preSolution
		HideSolutionNode = FALSE
	EndGlobalSection
	GlobalSection(ExtensibilityGlobals) = postSolution
		SolutionGuid = {6E9CB627-B350-4AFE-8822-AD586444B146}
	EndGlobalSection
EndGlobal
